<?xml version="1.0" encoding="utf-8"?>
<Project ToolsVersion="4.0" xmlns="http://schemas.microsoft.com/developer/msbuild/2003">
  <ItemGroup>
    <Filter Include="Source Files">
      <UniqueIdentifier>{23e984bf-5b45-4fc7-adb4-cfde83e03701}</UniqueIdentifier>
      <Extensions>cpp;c;cxx;rc;def;r;odl;idl;hpj;bat</Extensions>
    </Filter>
    <Filter Include="Resource Files">
      <UniqueIdentifier>{5ba14bc5-a767-42bd-a5ab-6f4c732d4c24}</UniqueIdentifier>
      <Extensions>ico;cur;bmp;dlg;rc2;rct;bin;rgs;gif;jpg;jpeg;jpe</Extensions>
    </Filter>
    <Filter Include="Shaders">
      <UniqueIdentifier>{8331080a-7b9c-459b-953c-9d1f2e042a67}</UniqueIdentifier>
      <Extensions>*.fx</Extensions>
    </Filter>
    <Filter Include="Shaders\PSPipeline">
      <UniqueIdentifier>{25c4f8a3-5832-4de5-b200-41a2a998ee9f}</UniqueIdentifier>
    </Filter>
    <Filter Include="Shaders\Planet">
      <UniqueIdentifier>{630693f6-6f1f-46da-bb9d-b7fdefb35698}</UniqueIdentifier>
    </Filter>
  </ItemGroup>
  <ItemGroup>
    <ResourceCompile Include="D3D11Client.rc">
      <Filter>Resource Files</Filter>
    </ResourceCompile>
  </ItemGroup>
  <ItemGroup>
    <ClCompile Include="CelSphere.cpp">
      <Filter>Source Files</Filter>
    </ClCompile>
    <ClCompile Include="ConfigFileParser.cpp">
      <Filter>Source Files</Filter>
    </ClCompile>
    <ClCompile Include="D3D11Client.cpp">
      <Filter>Source Files</Filter>
    </ClCompile>
    <ClCompile Include="D3D11Config.cpp">
      <Filter>Source Files</Filter>
    </ClCompile>
    <ClCompile Include="D3D11Utils.cpp">
      <Filter>Source Files</Filter>
    </ClCompile>
    <ClCompile Include="Globals.cpp">
      <Filter>Source Files</Filter>
    </ClCompile>
    <ClCompile Include="Scene.cpp">
      <Filter>Source Files</Filter>
    </ClCompile>
    <ClCompile Include="ShaderDiskCache.cpp">
      <Filter>Source Files</Filter>
    </ClCompile>
    <ClCompile Include="ShaderManager.cpp">
      <Filter>Source Files</Filter>
    </ClCompile>
    <ClCompile Include="Stats.cpp">
      <Filter>Source Files</Filter>
    </ClCompile>
    <ClCompile Include="VideoTab.cpp">
      <Filter>Source Files</Filter>
    </ClCompile>
  </ItemGroup>
  <ItemGroup>
    <ClInclude Include="CelSphere.h">
      <Filter>Source Files</Filter>
    </ClInclude>
    <ClInclude Include="ConfigFileParser.h">
      <Filter>Source Files</Filter>
    </ClInclude>
    <ClInclude Include="D3D11Client.h">
      <Filter>Source Files</Filter>
    </ClInclude>
    <ClInclude Include="D3D11Config.h">
      <Filter>Source Files</Filter>
    </ClInclude>
    <ClInclude Include="D3D11Utils.h">
      <Filter>Source Files</Filter>
    </ClInclude>
    <ClInclude Include="Globals.h">
      <Filter>Source Files</Filter>
    </ClInclude>
    <ClInclude Include="resource.h">
      <Filter>Source Files</Filter>
    </ClInclude>
    <ClInclude Include="Resources.h">
      <Filter>Source Files</Filter>
    </ClInclude>
    <ClInclude Include="Scene.h">
      <Filter>Source Files</Filter>
    </ClInclude>
    <ClInclude Include="ShaderDiskCache.h">
      <Filter>Source Files</Filter>
    </ClInclude>
    <ClInclude Include="ShaderManager.h">
      <Filter>Source Files</Filter>
    </ClInclude>
    <ClInclude Include="Stats.h">
      <Filter>Source Files</Filter>
    </ClInclude>
    <ClInclude Include="Version.h">
      <Filter>Source Files</Filter>
    </ClInclude>
    <ClInclude Include="VideoTab.h">
      <Filter>Source Files</Filter>
    </ClInclude>
  </ItemGroup>
  <ItemGroup>
    <None Include="..\..\Modules\D3D11Shaders\Blit.fx">
      <Filter>Shaders</Filter>
    </None>
    <None Include="..\..\Modules\D3D11Shaders\CelBackground.fx">
      <Filter>Shaders</Filter>
    </None>
    <None Include="..\..\Modules\D3D11Shaders\CelSphere.fx">
      <Filter>Shaders</Filter>
    </None>
    <None Include="..\..\Modules\D3D11Shaders\D3D11Pad.fx">
      <Filter>Shaders</Filter>
    </None>
    <None Include="..\..\Modules\D3D11Shaders\D3D11Text.fx">
      <Filter>Shaders</Filter>
    </None>
    <None Include="..\..\Modules\D3D11Shaders\Mesh.fx">
      <Filter>Shaders</Filter>
    </None>
    <None Include="..\..\Modules\D3D11Shaders\Mesh_BaseTile.fx">
      <Filter>Shaders</Filter>
    </None>
    <None Include="..\..\Modules\D3D11Shaders\Mesh_Shadow.fx">
      <Filter>Shaders</Filter>
    </None>
    <None Include="..\..\Modules\D3D11Shaders\Overlay.fx">
      <Filter>Shaders</Filter>
    </None>
    <None Include="..\..\Modules\D3D11Shaders\ParticleStream.fx">
      <Filter>Shaders</Filter>
    </None>
    <None Include="..\..\Modules\D3D11Shaders\Planet.fx">
      <Filter>Shaders</Filter>
    </None>
    <None Include="..\..\Modules\D3D11Shaders\Planet_Clouds.fx">
      <Filter>Shaders</Filter>
    </None>
    <None Include="..\..\Modules\D3D11Shaders\Planet_CloudsShadow.fx">
      <Filter>Shaders</Filter>
    </None>
    <None Include="..\..\Modules\D3D11Shaders\Planet_Haze.fx">
      <Filter>Shaders</Filter>
    </None>
    <None Include="..\..\Modules\D3D11Shaders\Planet_Ring.fx">
      <Filter>Shaders</Filter>
    </None>
    <None Include="..\..\Modules\D3D11Shaders\SimpleBillBoard.fx">
      <Filter>Shaders</Filter>
    </None>
    <None Include="..\..\Modules\D3D11Shaders\VC.fx">
      <Filter>Shaders</Filter>
    </None>
    <None Include="..\..\Modules\D3D11Shaders\Vessel.fx">
      <Filter>Shaders</Filter>
    </None>
    <None Include="..\..\Modules\D3D11Shaders\DisplayHDRTexture.fx">
      <Filter>Shaders</Filter>
    </None>
    <None Include="..\..\Modules\D3D11Shaders\HDR_CalculateBloomTexture.hlsl">
      <Filter>Shaders</Filter>
    </None>
    <None Include="..\..\Modules\D3D11Shaders\HDR_CalculateLuminance.hlsl">
      <Filter>Shaders</Filter>
    </None>
    <None Include="..\..\Modules\D3D11Shaders\HDR_CopyTextureWithExposure.hlsl">
      <Filter>Shaders</Filter>
    </None>
    <None Include="..\..\Modules\D3D11Shaders\HDR_GaussianBlur.hlsl">
      <Filter>Shaders</Filter>
    </None>
    <None Include="..\..\Modules\D3D11Shaders\HDR_Reduce.hlsl">
      <Filter>Shaders</Filter>
    </None>
    <None Include="..\..\Modules\D3D11Shaders\HDR_Downsample.hlsl">
      <Filter>Shaders</Filter>
    </None>
    <None Include="..\..\Modules\D3D11Shaders\HDR_Upsample.hlsl">
      <Filter>Shaders</Filter>
    </None>
    <None Include="..\..\Modules\D3D11Shaders\HDR_Includes.hlsl">
      <Filter>Shaders</Filter>
    </None>
    <None Include="..\..\Modules\D3D11Shaders\Planet1_FL10.fx">
      <Filter>Shaders</Filter>
    </None>
    <None Include="..\..\Modules\D3D11Shaders\PSPipeline\HDR_Includes.hlsl">
      <Filter>Shaders\PSPipeline</Filter>
    </None>
    <None Include="..\..\Modules\D3D11Shaders\PSPipeline\HDR_PS_CalculateBloomTexture.fx">
      <Filter>Shaders\PSPipeline</Filter>
    </None>
    <None Include="..\..\Modules\D3D11Shaders\PSPipeline\HDR_PS_CalculateLightStreaksTexture.fx">
      <Filter>Shaders\PSPipeline</Filter>
    </None>
    <None Include="..\..\Modules\D3D11Shaders\PSPipeline\HDR_PS_CalculateLuminance.fx">
      <Filter>Shaders\PSPipeline</Filter>
    </None>
    <None Include="..\..\Modules\D3D11Shaders\PSPipeline\HDR_PS_CopyTextureWithExposure.fx">
      <Filter>Shaders\PSPipeline</Filter>
    </None>
    <None Include="..\..\Modules\D3D11Shaders\PSPipeline\HDR_PS_CreateLightStreaks.fx">
      <Filter>Shaders\PSPipeline</Filter>
    </None>
    <None Include="..\..\Modules\D3D11Shaders\PSPipeline\HDR_PS_GaussianBlur.fx">
      <Filter>Shaders\PSPipeline</Filter>
    </None>
    <None Include="..\..\Modules\D3D11Shaders\PSPipeline\HDR_PS_Reduce.fx">
      <Filter>Shaders\PSPipeline</Filter>
    </None>
    <None Include="..\..\Modules\D3D11Shaders\PSPipeline\PassThroughVS.fx">
      <Filter>Shaders\PSPipeline</Filter>
    </None>
    <None Include="..\..\Modules\D3D11Shaders\Planet\Common.fx">
      <Filter>Shaders\Planet</Filter>
    </None>
    <None Include="..\..\Modules\D3D11Shaders\Planet\GS_Details_AverageHigh.fx">
      <Filter>Shaders\Planet</Filter>
    </None>
    <None Include="..\..\Modules\D3D11Shaders\Planet\GS_Details_City.fx">
      <Filter>Shaders\Planet</Filter>
    </None>
    <None Include="..\..\Modules\D3D11Shaders\Planet\HSDS_Planet1.fx">
      <Filter>Shaders\Planet</Filter>
    </None>
    <None Include="..\..\Modules\D3D11Shaders\Planet\PAS_Common.fx">
      <Filter>Shaders\Planet</Filter>
    </None>
    <None Include="..\..\Modules\D3D11Shaders\Planet\PAS_copyInscatter1.fx">
      <Filter>Shaders\Planet</Filter>
    </None>
    <None Include="..\..\Modules\D3D11Shaders\Planet\PAS_copyInscatterN.fx">
      <Filter>Shaders\Planet</Filter>
    </None>
    <None Include="..\..\Modules\D3D11Shaders\Planet\PAS_copyIrradiance1.fx">
      <Filter>Shaders\Planet</Filter>
    </None>
    <None Include="..\..\Modules\D3D11Shaders\Planet\PAS_Inscatter1.fx">
      <Filter>Shaders\Planet</Filter>
    </None>
    <None Include="..\..\Modules\D3D11Shaders\Planet\PAS_InscatterN.fx">
      <Filter>Shaders\Planet</Filter>
    </None>
    <None Include="..\..\Modules\D3D11Shaders\Planet\PAS_InscatterS.fx">
      <Filter>Shaders\Planet</Filter>
    </None>
    <None Include="..\..\Modules\D3D11Shaders\Planet\PAS_Irradiance1.fx">
      <Filter>Shaders\Planet</Filter>
    </None>
    <None Include="..\..\Modules\D3D11Shaders\Planet\PAS_IrradianceN.fx">
      <Filter>Shaders\Planet</Filter>
    </None>
    <None Include="..\..\Modules\D3D11Shaders\Planet\PAS_Transmittance.fx">
      <Filter>Shaders\Planet</Filter>
    </None>
    <None Include="..\..\Modules\D3D11Shaders\Planet\PAS_VS.fx">
      <Filter>Shaders\Planet</Filter>
    </None>
    <None Include="..\..\Modules\D3D11Shaders\Planet\PS_AdvancedAtmosphere.fx">
      <Filter>Shaders\Planet</Filter>
    </None>
    <None Include="..\..\Modules\D3D11Shaders\Planet\PS_BasicAtmosphere.fx">
      <Filter>Shaders\Planet</Filter>
    </None>
    <None Include="..\..\Modules\D3D11Shaders\Planet\PS_Details_AverageHigh.fx">
      <Filter>Shaders\Planet</Filter>
    </None>
    <None Include="..\..\Modules\D3D11Shaders\Planet\PS_Details_City.fx">
      <Filter>Shaders\Planet</Filter>
    </None>
    <None Include="..\..\Modules\D3D11Shaders\Planet\PS_Planet1.fx">
      <Filter>Shaders\Planet</Filter>
    </None>
    <None Include="..\..\Modules\D3D11Shaders\Planet\Terrain_Shadows.fx">
      <Filter>Shaders\Planet</Filter>
    </None>
    <None Include="..\..\Modules\D3D11Shaders\Planet\VS.fx">
      <Filter>Shaders\Planet</Filter>
    </None>
    <None Include="..\..\Modules\D3D11Shaders\Planet\VS_Details_AverageHigh.fx">
      <Filter>Shaders\Planet</Filter>
    </None>
    <None Include="..\..\Modules\D3D11Shaders\Planet\VS_Details_City.fx">
      <Filter>Shaders\Planet</Filter>
    </None>
    <None Include="..\..\Modules\D3D11Shaders\Planet\VS_Planet1.fx">
      <Filter>Shaders\Planet</Filter>
    </None>
    <None Include="..\..\Modules\D3D11Shaders\BaseLights.fx">
      <Filter>Shaders</Filter>
    </None>
    <None Include="..\..\Modules\D3D11Shaders\Shadows.fx">
      <Filter>Shaders</Filter>
    </None>
    <None Include="..\..\Modules\D3D11Shaders\ShadowsCommon.fx">
      <Filter>Shaders</Filter>
    </None>
    <None Include="..\..\Modules\D3D11Shaders\GS_Planet1_Shadow.fx">
      <Filter>Shaders</Filter>
    </None>
    <None Include="..\..\Modules\D3D11Shaders\VS_Planet1_shadow.fx">
      <Filter>Shaders</Filter>
    </None>
  </ItemGroup>
</Project>